
Microsoft Visual Studio Solution File, Format Version 12.00
# Visual Studio Version 17
VisualStudioVersion = 17.0.31903.59
MinimumVisualStudioVersion = 10.0.40219.1
Project("{2150E333-8FDC-42A3-9474-1A3956D46DE8}") = "src", "src", "{827E0CD3-B72D-47B6-A68D-7590B98EB39B}"
EndProject
Project("{FAE04EC0-301F-11D3-BF4B-00C04F79EFBC}") = "Presentation", "src\Presentation\Presentation.csproj", "{3D52212A-D876-4A49-80CB-21F21712E688}"
EndProject
Project("{FAE04EC0-301F-11D3-BF4B-00C04F79EFBC}") = "Application", "src\Application\Application.csproj", "{B29AE46D-04E8-44DB-A044-73E3C7E4C7DF}"
EndProject
Project("{FAE04EC0-301F-11D3-BF4B-00C04F79EFBC}") = "Domain", "src\Domain\Domain.csproj", "{460CB7E1-5C9C-4B05-96A0-95A9F76B1D27}"
EndProject
Project("{FAE04EC0-301F-11D3-BF4B-00C04F79EFBC}") = "Infrastructure", "src\Infrastructure\Infrastructure.csproj", "{C96609A0-7F41-4868-A3E3-2DCFF384931B}"
EndProject
Global
	GlobalSection(SolutionConfigurationPlatforms) = preSolution
		Debug|Any CPU = Debug|Any CPU
		Debug|x64 = Debug|x64
		Debug|x86 = Debug|x86
		Release|Any CPU = Release|Any CPU
		Release|x64 = Release|x64
		Release|x86 = Release|x86
	EndGlobalSection
	GlobalSection(ProjectConfigurationPlatforms) = postSolution
		{3D52212A-D876-4A49-80CB-21F21712E688}.Debug|Any CPU.ActiveCfg = Debug|Any CPU
		{3D52212A-D876-4A49-80CB-21F21712E688}.Debug|Any CPU.Build.0 = Debug|Any CPU
		{3D52212A-D876-4A49-80CB-21F21712E688}.Debug|x64.ActiveCfg = Debug|Any CPU
		{3D52212A-D876-4A49-80CB-21F21712E688}.Debug|x64.Build.0 = Debug|Any CPU
		{3D52212A-D876-4A49-80CB-21F21712E688}.Debug|x86.ActiveCfg = Debug|Any CPU
		{3D52212A-D876-4A49-80CB-21F21712E688}.Debug|x86.Build.0 = Debug|Any CPU
		{3D52212A-D876-4A49-80CB-21F21712E688}.Release|Any CPU.ActiveCfg = Release|Any CPU
		{3D52212A-D876-4A49-80CB-21F21712E688}.Release|Any CPU.Build.0 = Release|Any CPU
		{3D52212A-D876-4A49-80CB-21F21712E688}.Release|x64.ActiveCfg = Release|Any CPU
		{3D52212A-D876-4A49-80CB-21F21712E688}.Release|x64.Build.0 = Release|Any CPU
		{3D52212A-D876-4A49-80CB-21F21712E688}.Release|x86.ActiveCfg = Release|Any CPU
		{3D52212A-D876-4A49-80CB-21F21712E688}.Release|x86.Build.0 = Release|Any CPU
		{B29AE46D-04E8-44DB-A044-73E3C7E4C7DF}.Debug|Any CPU.ActiveCfg = Debug|Any CPU
		{B29AE46D-04E8-44DB-A044-73E3C7E4C7DF}.Debug|Any CPU.Build.0 = Debug|Any CPU
		{B29AE46D-04E8-44DB-A044-73E3C7E4C7DF}.Debug|x64.ActiveCfg = Debug|Any CPU
		{B29AE46D-04E8-44DB-A044-73E3C7E4C7DF}.Debug|x64.Build.0 = Debug|Any CPU
		{B29AE46D-04E8-44DB-A044-73E3C7E4C7DF}.Debug|x86.ActiveCfg = Debug|Any CPU
		{B29AE46D-04E8-44DB-A044-73E3C7E4C7DF}.Debug|x86.Build.0 = Debug|Any CPU
		{B29AE46D-04E8-44DB-A044-73E3C7E4C7DF}.Release|Any CPU.ActiveCfg = Release|Any CPU
		{B29AE46D-04E8-44DB-A044-73E3C7E4C7DF}.Release|Any CPU.Build.0 = Release|Any CPU
		{B29AE46D-04E8-44DB-A044-73E3C7E4C7DF}.Release|x64.ActiveCfg = Release|Any CPU
		{B29AE46D-04E8-44DB-A044-73E3C7E4C7DF}.Release|x64.Build.0 = Release|Any CPU
		{B29AE46D-04E8-44DB-A044-73E3C7E4C7DF}.Release|x86.ActiveCfg = Release|Any CPU
		{B29AE46D-04E8-44DB-A044-73E3C7E4C7DF}.Release|x86.Build.0 = Release|Any CPU
		{460CB7E1-5C9C-4B05-96A0-95A9F76B1D27}.Debug|Any CPU.ActiveCfg = Debug|Any CPU
		{460CB7E1-5C9C-4B05-96A0-95A9F76B1D27}.Debug|Any CPU.Build.0 = Debug|Any CPU
		{460CB7E1-5C9C-4B05-96A0-95A9F76B1D27}.Debug|x64.ActiveCfg = Debug|Any CPU
		{460CB7E1-5C9C-4B05-96A0-95A9F76B1D27}.Debug|x64.Build.0 = Debug|Any CPU
		{460CB7E1-5C9C-4B05-96A0-95A9F76B1D27}.Debug|x86.ActiveCfg = Debug|Any CPU
		{460CB7E1-5C9C-4B05-96A0-95A9F76B1D27}.Debug|x86.Build.0 = Debug|Any CPU
		{460CB7E1-5C9C-4B05-96A0-95A9F76B1D27}.Release|Any CPU.ActiveCfg = Release|Any CPU
		{460CB7E1-5C9C-4B05-96A0-95A9F76B1D27}.Release|Any CPU.Build.0 = Release|Any CPU
		{460CB7E1-5C9C-4B05-96A0-95A9F76B1D27}.Release|x64.ActiveCfg = Release|Any CPU
		{460CB7E1-5C9C-4B05-96A0-95A9F76B1D27}.Release|x64.Build.0 = Release|Any CPU
		{460CB7E1-5C9C-4B05-96A0-95A9F76B1D27}.Release|x86.ActiveCfg = Release|Any CPU
		{460CB7E1-5C9C-4B05-96A0-95A9F76B1D27}.Release|x86.Build.0 = Release|Any CPU
		{C96609A0-7F41-4868-A3E3-2DCFF384931B}.Debug|Any CPU.ActiveCfg = Debug|Any CPU
		{C96609A0-7F41-4868-A3E3-2DCFF384931B}.Debug|Any CPU.Build.0 = Debug|Any CPU
		{C96609A0-7F41-4868-A3E3-2DCFF384931B}.Debug|x64.ActiveCfg = Debug|Any CPU
		{C96609A0-7F41-4868-A3E3-2DCFF384931B}.Debug|x64.Build.0 = Debug|Any CPU
		{C96609A0-7F41-4868-A3E3-2DCFF384931B}.Debug|x86.ActiveCfg = Debug|Any CPU
		{C96609A0-7F41-4868-A3E3-2DCFF384931B}.Debug|x86.Build.0 = Debug|Any CPU
		{C96609A0-7F41-4868-A3E3-2DCFF384931B}.Release|Any CPU.ActiveCfg = Release|Any CPU
		{C96609A0-7F41-4868-A3E3-2DCFF384931B}.Release|Any CPU.Build.0 = Release|Any CPU
		{C96609A0-7F41-4868-A3E3-2DCFF384931B}.Release|x64.ActiveCfg = Release|Any CPU
		{C96609A0-7F41-4868-A3E3-2DCFF384931B}.Release|x64.Build.0 = Release|Any CPU
		{C96609A0-7F41-4868-A3E3-2DCFF384931B}.Release|x86.ActiveCfg = Release|Any CPU
		{C96609A0-7F41-4868-A3E3-2DCFF384931B}.Release|x86.Build.0 = Release|Any CPU
	EndGlobalSection
	GlobalSection(SolutionProperties) = preSolution
		HideSolutionNode = FALSE
	EndGlobalSection
	GlobalSection(NestedProjects) = preSolution
		{3D52212A-D876-4A49-80CB-21F21712E688} = {827E0CD3-B72D-47B6-A68D-7590B98EB39B}
		{B29AE46D-04E8-44DB-A044-73E3C7E4C7DF} = {827E0CD3-B72D-47B6-A68D-7590B98EB39B}
		{460CB7E1-5C9C-4B05-96A0-95A9F76B1D27} = {827E0CD3-B72D-47B6-A68D-7590B98EB39B}
		{C96609A0-7F41-4868-A3E3-2DCFF384931B} = {827E0CD3-B72D-47B6-A68D-7590B98EB39B}
	EndGlobalSection
EndGlobal
